
Microsoft Visual Studio Solution File, Format Version 12.00
# Visual Studio Version 17
VisualStudioVersion = 17.14.36301.6 d17.14
MinimumVisualStudioVersion = 10.0.40219.1
Project("{FAE04EC0-301F-11D3-BF4B-00C04F79EFBC}") = "UserAPI", "UserAPI\UserAPI.csproj", "{C4918D92-A994-4F41-AEA5-3DD4183CC1FE}"
EndProject
Global
	GlobalSection(SolutionConfigurationPlatforms) = preSolution
		Debug|Any CPU = Debug|Any CPU
		Release|Any CPU = Release|Any CPU
	EndGlobalSection
	GlobalSection(ProjectConfigurationPlatforms) = postSolution
		{C4918D92-A994-4F41-AEA5-3DD4183CC1FE}.Debug|Any CPU.ActiveCfg = Debug|Any CPU
		{C4918D92-A994-4F41-AEA5-3DD4183CC1FE}.Debug|Any CPU.Build.0 = Debug|Any CPU
		{C4918D92-A994-4F41-AEA5-3DD4183CC1FE}.Release|Any CPU.ActiveCfg = Release|Any CPU
		{C4918D92-A994-4F41-AEA5-3DD4183CC1FE}.Release|Any CPU.Build.0 = Release|Any CPU
	EndGlobalSection
	GlobalSection(SolutionProperties) = preSolution
		HideSolutionNode = FALSE
	EndGlobalSection
	GlobalSection(ExtensibilityGlobals) = postSolution
		SolutionGuid = {D27E8796-1FF1-46FF-BCF2-225885E86188}
	EndGlobalSection
EndGlobal
